{
  "nodes": {
    "fenix": {
      "inputs": {
        "nixpkgs": [
          "nixpkgs"
        ],
        "rust-analyzer-src": "rust-analyzer-src"
      },
      "locked": {
        "lastModified": 1756548819,
        "narHash": "sha256-1Eb53rxrULE1+MTHhxJTPNMwKKD6bkROd98L8LgMtCM=",
        "owner": "nix-community",
        "repo": "fenix",
        "rev": "9f42df6d931262bc814ef681bcac6de779bebaeb",
        "type": "github"
      },
      "original": {
        "owner": "nix-community",
        "repo": "fenix",
        "type": "github"
      }
    },
    "flake-parts": {
      "inputs": {
        "nixpkgs-lib": "nixpkgs-lib"
      },
      "locked": {
        "lastModified": 1754487366,
        "narHash": "sha256-pHYj8gUBapuUzKV/kN/tR3Zvqc7o6gdFB9XKXIp1SQ8=",
        "owner": "hercules-ci",
        "repo": "flake-parts",
        "rev": "af66ad14b28a127c5c0f3bbb298218fc63528a18",
        "type": "github"
      },
      "original": {
        "owner": "hercules-ci",
        "repo": "flake-parts",
        "type": "github"
      }
    },
    "nixpkgs": {
      "locked": {
        "lastModified": 1756602927,
        "narHash": "sha256-S4oAdkwgPVt/870uuQ9TU55YE6yiMFgMWssHA+LhYUM=",
        "owner": "NixOS",
        "repo": "nixpkgs",
        "rev": "430e9d75945118f91f2972c3926a183f632b0817",
        "type": "github"
      },
      "original": {
        "owner": "NixOS",
        "repo": "nixpkgs",
        "type": "github"
      }
    },
    "nixpkgs-lib": {
      "locked": {
        "lastModified": 1753579242,
        "narHash": "sha256-zvaMGVn14/Zz8hnp4VWT9xVnhc8vuL3TStRqwk22biA=",
        "owner": "nix-community",
        "repo": "nixpkgs.lib",
        "rev": "0f36c44e01a6129be94e3ade315a5883f0228a6e",
        "type": "github"
      },
      "original": {
        "owner": "nix-community",
        "repo": "nixpkgs.lib",
        "type": "github"
      }
    },
    "root": {
      "inputs": {
        "fenix": "fenix",
        "flake-parts": "flake-parts",
        "nixpkgs": "nixpkgs",
        "rust-overlay": "rust-overlay"
      }
    },
    "rust-analyzer-src": {
      "flake": false,
      "locked": {
        "lastModified": 1756508200,
        "narHash": "sha256-5U2p+gLtH17qtAZY1bdY0snoN/gRlQ8nH3LO+Yw3hCk=",
        "owner": "rust-lang",
        "repo": "rust-analyzer",
        "rev": "67a58fdfebd72f4f9f737f2715ab21a260d88383",
        "type": "github"
      },
      "original": {
        "owner": "rust-lang",
        "ref": "nightly",
        "repo": "rust-analyzer",
        "type": "github"
      }
    },
    "rust-overlay": {
      "inputs": {
        "nixpkgs": [
          "nixpkgs"
        ]
      },
      "locked": {
        "lastModified": 1756521112,
        "narHash": "sha256-/YW9DI+vZ2lbTvYAek6BsudUXdpWr0FybTDod4P42L4=",
        "owner": "oxalica",
        "repo": "rust-overlay",
        "rev": "2243e3f251ea18486f83133cf8e325d2b9b71e89",
        "type": "github"
      },
      "original": {
        "owner": "oxalica",
        "repo": "rust-overlay",
        "type": "github"
      }
    }
  },
  "root": "root",
  "version": 7
}
